# This file is automatically @generated by Cargo.
# It is not intended for manual editing.
version = 4

[[package]]
name = "chk"
version = "0.1.0"
dependencies = [
 "clr",
]

[[package]]
name = "clr"
version = "0.1.0"
dependencies = [
 "wdn",
]

[[package]]
name = "coordinator"
version = "0.1.0"
dependencies = [
 "chk",
 "clr",
 "doc",
 "expl",
 "hbr",
 "obs",
 "vfy",
 "wdn",
 "whitehat",
]

[[package]]
name = "core"
version = "0.1.0"

[[package]]
name = "doc"
version = "0.1.0"

[[package]]
name = "domains"
version = "0.1.0"
dependencies = [
 "core",
 "whitehat",
]

[[package]]
name = "expl"
version = "0.1.0"
dependencies = [
 "chk",
 "clr",
 "hbr",
 "obs",
 "vfy",
 "wdn",
]

[[package]]
name = "hbr"
version = "0.1.0"
dependencies = [
 "vfy",
]

[[package]]
name = "obs"
version = "0.1.0"

[[package]]
name = "photoshy"
version = "0.10.0"
dependencies = [
 "core",
 "domains",
 "whitehat",
]

[[package]]
name = "vfy"
version = "0.1.0"
dependencies = [
 "obs",
]

[[package]]
name = "wdn"
version = "0.1.0"
dependencies = [
 "hbr",
]

[[package]]
name = "whitehat"
version = "0.1.0"
