# This file is automatically @generated by Cargo.
# It is not intended for manual editing.
version = 4

[[package]]
name = "cli"
version = "0.1.0"
dependencies = [
 "coordinator",
 "core",
]

[[package]]
name = "coordinator"
version = "0.1.0"
dependencies = [
 "core",
 "whitehat",
]

[[package]]
name = "core"
version = "0.1.0"

[[package]]
name = "domains"
version = "0.1.0"
dependencies = [
 "core",
 "whitehat",
]

[[package]]
name = "echo_domain"
version = "0.2.0"
dependencies = [
 "core",
 "domains",
 "whitehat",
]

[[package]]
name = "whitehat"
version = "0.1.0"
